
Microsoft Visual Studio Solution File, Format Version 12.00
# Visual Studio Version 17
VisualStudioVersion = 17.5.002.0
MinimumVisualStudioVersion = 10.0.40219.1
Project("{2150E333-8FDC-42A3-9474-1A3956D46DE8}") = "sandbox", "sandbox", "{291FA8A6-207F-4DBE-A6ED-9F05EA819F98}"
EndProject
Project("{9A19103F-16F7-4668-BE54-9A1E7A4F7556}") = "sandbox_project", "sandbox\sandbox_project\sandbox_project.csproj", "{2F1B8455-0E3D-4BAF-8ADE-0842889C536F}"
EndProject
Project("{2150E333-8FDC-42A3-9474-1A3956D46DE8}") = "week01", "week01", "{5D407034-3CA0-4046-917B-62D21C084DF4}"
EndProject
Project("{9A19103F-16F7-4668-BE54-9A1E7A4F7556}") = "analyze", "week01\analyze\analyze.csproj", "{8DF63872-F552-44AF-8994-9CCEB89D89F3}"
EndProject
Project("{9A19103F-16F7-4668-BE54-9A1E7A4F7556}") = "code", "week01\code\code.csproj", "{FE16B795-BE53-4AA2-BD62-C94E310E8CFE}"
EndProject
Project("{9A19103F-16F7-4668-BE54-9A1E7A4F7556}") = "teach", "week01\teach\teach.csproj", "{87D2B681-F245-4552-801F-6246E03BDFA4}"
EndProject
Project("{2150E333-8FDC-42A3-9474-1A3956D46DE8}") = "week02", "week02", "{C36751E1-8935-481D-8E7E-070B54A55D9E}"
EndProject
Project("{9A19103F-16F7-4668-BE54-9A1E7A4F7556}") = "analyze", "week02\analyze\analyze.csproj", "{3B968562-9252-4832-8F9F-518343EC1008}"
EndProject
Project("{9A19103F-16F7-4668-BE54-9A1E7A4F7556}") = "code", "week02\code\code.csproj", "{324AC370-D1E2-4949-8121-E08F4F589F5C}"
EndProject
Project("{9A19103F-16F7-4668-BE54-9A1E7A4F7556}") = "learn", "week02\learn\learn.csproj", "{0FE5888D-00F3-4440-BD4A-9D0C7D4FDD1A}"
EndProject
Project("{9A19103F-16F7-4668-BE54-9A1E7A4F7556}") = "teach", "week02\teach\teach.csproj", "{F26497AB-3640-4CC4-9A2E-E145DF0EC89E}"
EndProject
Project("{2150E333-8FDC-42A3-9474-1A3956D46DE8}") = "week03", "week03", "{E9465AB2-8729-4860-A168-8A1409DAB1B5}"
EndProject
Project("{9A19103F-16F7-4668-BE54-9A1E7A4F7556}") = "code", "week03\code\code.csproj", "{277EFD0C-C61B-447F-BB16-F2C02D0010CF}"
EndProject
Project("{9A19103F-16F7-4668-BE54-9A1E7A4F7556}") = "learn", "week03\learn\learn.csproj", "{1A5BDDBA-C101-4D63-A2CA-E6E4C484A571}"
EndProject
Project("{9A19103F-16F7-4668-BE54-9A1E7A4F7556}") = "teach", "week03\teach\teach.csproj", "{DF81CECB-FB64-4AC9-BD29-4886C75EC8E7}"
EndProject
Project("{2150E333-8FDC-42A3-9474-1A3956D46DE8}") = "week04", "week04", "{E2AFEDB0-D743-430B-A97F-DEEAD2B12FA5}"
EndProject
Project("{9A19103F-16F7-4668-BE54-9A1E7A4F7556}") = "code", "week04\code\code.csproj", "{311DA76B-EDA1-4AFF-B867-2A4BD4428ADA}"
EndProject
Project("{2150E333-8FDC-42A3-9474-1A3956D46DE8}") = "week05", "week05", "{DC2FC180-AF5F-4C1E-9783-371934E6218D}"
EndProject
Project("{9A19103F-16F7-4668-BE54-9A1E7A4F7556}") = "code", "week05\code\code.csproj", "{D4CD9009-E259-490F-ADA4-51918EB07F71}"
EndProject
Project("{2150E333-8FDC-42A3-9474-1A3956D46DE8}") = "week06", "week06", "{1EC1EB3B-7A6C-406F-907F-B435B114BC69}"
EndProject
Project("{9A19103F-16F7-4668-BE54-9A1E7A4F7556}") = "code", "week06\code\code.csproj", "{DBFDF00F-F40C-4421-85F1-AFF5AF05F49D}"
EndProject
Global
	GlobalSection(SolutionConfigurationPlatforms) = preSolution
		Debug|Any CPU = Debug|Any CPU
		Release|Any CPU = Release|Any CPU
	EndGlobalSection
	GlobalSection(ProjectConfigurationPlatforms) = postSolution
		{2F1B8455-0E3D-4BAF-8ADE-0842889C536F}.Debug|Any CPU.ActiveCfg = Debug|Any CPU
		{2F1B8455-0E3D-4BAF-8ADE-0842889C536F}.Debug|Any CPU.Build.0 = Debug|Any CPU
		{2F1B8455-0E3D-4BAF-8ADE-0842889C536F}.Release|Any CPU.ActiveCfg = Release|Any CPU
		{2F1B8455-0E3D-4BAF-8ADE-0842889C536F}.Release|Any CPU.Build.0 = Release|Any CPU
		{8DF63872-F552-44AF-8994-9CCEB89D89F3}.Debug|Any CPU.ActiveCfg = Debug|Any CPU
		{8DF63872-F552-44AF-8994-9CCEB89D89F3}.Debug|Any CPU.Build.0 = Debug|Any CPU
		{8DF63872-F552-44AF-8994-9CCEB89D89F3}.Release|Any CPU.ActiveCfg = Release|Any CPU
		{8DF63872-F552-44AF-8994-9CCEB89D89F3}.Release|Any CPU.Build.0 = Release|Any CPU
		{FE16B795-BE53-4AA2-BD62-C94E310E8CFE}.Debug|Any CPU.ActiveCfg = Debug|Any CPU
		{FE16B795-BE53-4AA2-BD62-C94E310E8CFE}.Debug|Any CPU.Build.0 = Debug|Any CPU
		{FE16B795-BE53-4AA2-BD62-C94E310E8CFE}.Release|Any CPU.ActiveCfg = Release|Any CPU
		{FE16B795-BE53-4AA2-BD62-C94E310E8CFE}.Release|Any CPU.Build.0 = Release|Any CPU
		{87D2B681-F245-4552-801F-6246E03BDFA4}.Debug|Any CPU.ActiveCfg = Debug|Any CPU
		{87D2B681-F245-4552-801F-6246E03BDFA4}.Debug|Any CPU.Build.0 = Debug|Any CPU
		{87D2B681-F245-4552-801F-6246E03BDFA4}.Release|Any CPU.ActiveCfg = Release|Any CPU
		{87D2B681-F245-4552-801F-6246E03BDFA4}.Release|Any CPU.Build.0 = Release|Any CPU
		{3B968562-9252-4832-8F9F-518343EC1008}.Debug|Any CPU.ActiveCfg = Debug|Any CPU
		{3B968562-9252-4832-8F9F-518343EC1008}.Debug|Any CPU.Build.0 = Debug|Any CPU
		{3B968562-9252-4832-8F9F-518343EC1008}.Release|Any CPU.ActiveCfg = Release|Any CPU
		{3B968562-9252-4832-8F9F-518343EC1008}.Release|Any CPU.Build.0 = Release|Any CPU
		{324AC370-D1E2-4949-8121-E08F4F589F5C}.Debug|Any CPU.ActiveCfg = Debug|Any CPU
		{324AC370-D1E2-4949-8121-E08F4F589F5C}.Debug|Any CPU.Build.0 = Debug|Any CPU
		{324AC370-D1E2-4949-8121-E08F4F589F5C}.Release|Any CPU.ActiveCfg = Release|Any CPU
		{324AC370-D1E2-4949-8121-E08F4F589F5C}.Release|Any CPU.Build.0 = Release|Any CPU
		{0FE5888D-00F3-4440-BD4A-9D0C7D4FDD1A}.Debug|Any CPU.ActiveCfg = Debug|Any CPU
		{0FE5888D-00F3-4440-BD4A-9D0C7D4FDD1A}.Debug|Any CPU.Build.0 = Debug|Any CPU
		{0FE5888D-00F3-4440-BD4A-9D0C7D4FDD1A}.Release|Any CPU.ActiveCfg = Release|Any CPU
		{0FE5888D-00F3-4440-BD4A-9D0C7D4FDD1A}.Release|Any CPU.Build.0 = Release|Any CPU
		{F26497AB-3640-4CC4-9A2E-E145DF0EC89E}.Debug|Any CPU.ActiveCfg = Debug|Any CPU
		{F26497AB-3640-4CC4-9A2E-E145DF0EC89E}.Debug|Any CPU.Build.0 = Debug|Any CPU
		{F26497AB-3640-4CC4-9A2E-E145DF0EC89E}.Release|Any CPU.ActiveCfg = Release|Any CPU
		{F26497AB-3640-4CC4-9A2E-E145DF0EC89E}.Release|Any CPU.Build.0 = Release|Any CPU
		{277EFD0C-C61B-447F-BB16-F2C02D0010CF}.Debug|Any CPU.ActiveCfg = Debug|Any CPU
		{277EFD0C-C61B-447F-BB16-F2C02D0010CF}.Debug|Any CPU.Build.0 = Debug|Any CPU
		{277EFD0C-C61B-447F-BB16-F2C02D0010CF}.Release|Any CPU.ActiveCfg = Release|Any CPU
		{277EFD0C-C61B-447F-BB16-F2C02D0010CF}.Release|Any CPU.Build.0 = Release|Any CPU
		{1A5BDDBA-C101-4D63-A2CA-E6E4C484A571}.Debug|Any CPU.ActiveCfg = Debug|Any CPU
		{1A5BDDBA-C101-4D63-A2CA-E6E4C484A571}.Debug|Any CPU.Build.0 = Debug|Any CPU
		{1A5BDDBA-C101-4D63-A2CA-E6E4C484A571}.Release|Any CPU.ActiveCfg = Release|Any CPU
		{1A5BDDBA-C101-4D63-A2CA-E6E4C484A571}.Release|Any CPU.Build.0 = Release|Any CPU
		{DF81CECB-FB64-4AC9-BD29-4886C75EC8E7}.Debug|Any CPU.ActiveCfg = Debug|Any CPU
		{DF81CECB-FB64-4AC9-BD29-4886C75EC8E7}.Debug|Any CPU.Build.0 = Debug|Any CPU
		{DF81CECB-FB64-4AC9-BD29-4886C75EC8E7}.Release|Any CPU.ActiveCfg = Release|Any CPU
		{DF81CECB-FB64-4AC9-BD29-4886C75EC8E7}.Release|Any CPU.Build.0 = Release|Any CPU
		{311DA76B-EDA1-4AFF-B867-2A4BD4428ADA}.Debug|Any CPU.ActiveCfg = Debug|Any CPU
		{311DA76B-EDA1-4AFF-B867-2A4BD4428ADA}.Debug|Any CPU.Build.0 = Debug|Any CPU
		{311DA76B-EDA1-4AFF-B867-2A4BD4428ADA}.Release|Any CPU.ActiveCfg = Release|Any CPU
		{311DA76B-EDA1-4AFF-B867-2A4BD4428ADA}.Release|Any CPU.Build.0 = Release|Any CPU
		{D4CD9009-E259-490F-ADA4-51918EB07F71}.Debug|Any CPU.ActiveCfg = Debug|Any CPU
		{D4CD9009-E259-490F-ADA4-51918EB07F71}.Debug|Any CPU.Build.0 = Debug|Any CPU
		{D4CD9009-E259-490F-ADA4-51918EB07F71}.Release|Any CPU.ActiveCfg = Release|Any CPU
		{D4CD9009-E259-490F-ADA4-51918EB07F71}.Release|Any CPU.Build.0 = Release|Any CPU
		{DBFDF00F-F40C-4421-85F1-AFF5AF05F49D}.Debug|Any CPU.ActiveCfg = Debug|Any CPU
		{DBFDF00F-F40C-4421-85F1-AFF5AF05F49D}.Debug|Any CPU.Build.0 = Debug|Any CPU
		{DBFDF00F-F40C-4421-85F1-AFF5AF05F49D}.Release|Any CPU.ActiveCfg = Release|Any CPU
		{DBFDF00F-F40C-4421-85F1-AFF5AF05F49D}.Release|Any CPU.Build.0 = Release|Any CPU
	EndGlobalSection
	GlobalSection(SolutionProperties) = preSolution
		HideSolutionNode = FALSE
	EndGlobalSection
	GlobalSection(NestedProjects) = preSolution
		{2F1B8455-0E3D-4BAF-8ADE-0842889C536F} = {291FA8A6-207F-4DBE-A6ED-9F05EA819F98}
		{8DF63872-F552-44AF-8994-9CCEB89D89F3} = {5D407034-3CA0-4046-917B-62D21C084DF4}
		{FE16B795-BE53-4AA2-BD62-C94E310E8CFE} = {5D407034-3CA0-4046-917B-62D21C084DF4}
		{87D2B681-F245-4552-801F-6246E03BDFA4} = {5D407034-3CA0-4046-917B-62D21C084DF4}
		{3B968562-9252-4832-8F9F-518343EC1008} = {C36751E1-8935-481D-8E7E-070B54A55D9E}
		{324AC370-D1E2-4949-8121-E08F4F589F5C} = {C36751E1-8935-481D-8E7E-070B54A55D9E}
		{0FE5888D-00F3-4440-BD4A-9D0C7D4FDD1A} = {C36751E1-8935-481D-8E7E-070B54A55D9E}
		{F26497AB-3640-4CC4-9A2E-E145DF0EC89E} = {C36751E1-8935-481D-8E7E-070B54A55D9E}
		{277EFD0C-C61B-447F-BB16-F2C02D0010CF} = {E9465AB2-8729-4860-A168-8A1409DAB1B5}
		{1A5BDDBA-C101-4D63-A2CA-E6E4C484A571} = {E9465AB2-8729-4860-A168-8A1409DAB1B5}
		{DF81CECB-FB64-4AC9-BD29-4886C75EC8E7} = {E9465AB2-8729-4860-A168-8A1409DAB1B5}
		{311DA76B-EDA1-4AFF-B867-2A4BD4428ADA} = {E2AFEDB0-D743-430B-A97F-DEEAD2B12FA5}
		{D4CD9009-E259-490F-ADA4-51918EB07F71} = {DC2FC180-AF5F-4C1E-9783-371934E6218D}
		{DBFDF00F-F40C-4421-85F1-AFF5AF05F49D} = {1EC1EB3B-7A6C-406F-907F-B435B114BC69}
	EndGlobalSection
	GlobalSection(ExtensibilityGlobals) = postSolution
		SolutionGuid = {97564842-306C-4CC9-9FEC-B612F755B314}
	EndGlobalSection
EndGlobal
